
Microsoft Visual Studio Solution File, Format Version 12.00
# Visual Studio Version 17
VisualStudioVersion = 17.4.33205.214
MinimumVisualStudioVersion = 10.0.40219.1
Project("{FAE04EC0-301F-11D3-BF4B-00C04F79EFBC}") = "miniproject", "miniproject\miniproject.csproj", "{B34D0794-79B9-40F4-B7B2-2F84BC220689}"
EndProject
Global
	GlobalSection(SolutionConfigurationPlatforms) = preSolution
		Debug|Any CPU = Debug|Any CPU
		Release|Any CPU = Release|Any CPU
	EndGlobalSection
	GlobalSection(ProjectConfigurationPlatforms) = postSolution
		{B34D0794-79B9-40F4-B7B2-2F84BC220689}.Debug|Any CPU.ActiveCfg = Debug|Any CPU
		{B34D0794-79B9-40F4-B7B2-2F84BC220689}.Debug|Any CPU.Build.0 = Debug|Any CPU
		{B34D0794-79B9-40F4-B7B2-2F84BC220689}.Release|Any CPU.ActiveCfg = Release|Any CPU
		{B34D0794-79B9-40F4-B7B2-2F84BC220689}.Release|Any CPU.Build.0 = Release|Any CPU
	EndGlobalSection
	GlobalSection(SolutionProperties) = preSolution
		HideSolutionNode = FALSE
	EndGlobalSection
	GlobalSection(ExtensibilityGlobals) = postSolution
		SolutionGuid = {FDFBD5FF-63BE-4863-BA1B-5C31A1FD1851}
	EndGlobalSection
EndGlobal
